// !$*UTF8*$!
{
	archiveVersion = 1;
	classes = {
	};
	objectVersion = 77;
	objects = {

/* Begin PBXBuildFile section */
		2439E565F6CB2A38E105F775 /* SpeechCoordinatorTests.swift in Sources */ = {isa = PBXBuildFile; fileRef = 8BBCF9E4AAFD6C6126931504 /* SpeechCoordinatorTests.swift */; };
		2D1DF1F206423E16A3C65726 /* SelfAssessSession.swift in Sources */ = {isa = PBXBuildFile; fileRef = 9356A9468EFB60E9513AC96E /* SelfAssessSession.swift */; };
		322B24BFCDBAFB927BA44C5E /* Preview Assets.xcassets in Resources */ = {isa = PBXBuildFile; fileRef = E1BC2F221780D9F18B181E04 /* Preview Assets.xcassets */; };
		3A493648DA3DD53135E95F3C /* AppSessionStateTests.swift in Sources */ = {isa = PBXBuildFile; fileRef = A5D033A7A2BA392077FD9D73 /* AppSessionStateTests.swift */; };
		4D72B6EA0EC35A627052441C /* ContentView.swift in Sources */ = {isa = PBXBuildFile; fileRef = 41973E8A8448F866CC4122C4 /* ContentView.swift */; };
		73E92ACC33C01AA20B88B5B2 /* SelfAssessAnswer.swift in Sources */ = {isa = PBXBuildFile; fileRef = F3A67FBC3E2147AE801B1D37 /* SelfAssessAnswer.swift */; };
		75C19A6586E782E3506221C6 /* SelfAssessResult.swift in Sources */ = {isa = PBXBuildFile; fileRef = 57D1E9449935795D29835624 /* SelfAssessResult.swift */; };
		78383D79D6220B96DCCE2E9B /* WordEntry.swift in Sources */ = {isa = PBXBuildFile; fileRef = 03CF3BA371D1B7F33B70C411 /* WordEntry.swift */; };
		79E0900E099048467E2EF9BF /* SessionState.swift in Sources */ = {isa = PBXBuildFile; fileRef = D8D09E15AD711ED6CBB28D82 /* SessionState.swift */; };
		844767008BBF4A0839500464 /* SpellingsApp.swift in Sources */ = {isa = PBXBuildFile; fileRef = 5E68D870A4408F8FB9FAA599 /* SpellingsApp.swift */; };
		95F6251DED78CB3F5F373B70 /* WordFilterTests.swift in Sources */ = {isa = PBXBuildFile; fileRef = 7DB2F211595B56935B88AE95 /* WordFilterTests.swift */; };
		96F88B1626264D2841A3330C /* Assets.xcassets in Resources */ = {isa = PBXBuildFile; fileRef = C3CBBE67AA1A5B17F4C3CD04 /* Assets.xcassets */; };
		AC1933F94FC7269672ABF363 /* AppSessionState.swift in Sources */ = {isa = PBXBuildFile; fileRef = B8898A300B2C2A73501A088E /* AppSessionState.swift */; };
		BF7FFEB3CCC189C27B52F6E1 /* WordFilter.swift in Sources */ = {isa = PBXBuildFile; fileRef = 77E0C2ACF03842954155936E /* WordFilter.swift */; };
		CA11AC248538E9A2A48BB0A7 /* SelfAssessSessionTests.swift in Sources */ = {isa = PBXBuildFile; fileRef = A7067B26BF8912768D1C3AE9 /* SelfAssessSessionTests.swift */; };
		D47778634D97CE7B7B4E2F1E /* SpellingSessionStore.swift in Sources */ = {isa = PBXBuildFile; fileRef = 19508FB99B1FF25385DC72F7 /* SpellingSessionStore.swift */; };
		E0E9822608043A52F2E5638B /* PracticeMode.swift in Sources */ = {isa = PBXBuildFile; fileRef = 23791901821E27765D22EA8D /* PracticeMode.swift */; };
		E35BC48EA388BF21563679C7 /* words.json in Resources */ = {isa = PBXBuildFile; fileRef = 55827418A114D9E4FE9C5722 /* words.json */; };
/* End PBXBuildFile section */

/* Begin PBXContainerItemProxy section */
		ECEAD46C205B2E6623B5DF02 /* PBXContainerItemProxy */ = {
			isa = PBXContainerItemProxy;
			containerPortal = FE2AAF391DCE425BD077DDFE /* Project object */;
			proxyType = 1;
			remoteGlobalIDString = 8895D67CF4CEF1DE59E955FA;
			remoteInfo = Spellings;
		};
/* End PBXContainerItemProxy section */

/* Begin PBXFileReference section */
		03CF3BA371D1B7F33B70C411 /* WordEntry.swift */ = {isa = PBXFileReference; lastKnownFileType = sourcecode.swift; path = WordEntry.swift; sourceTree = "<group>"; };
		1913C675F1E17EC76E365BD7 /* SpellingsTests.xctest */ = {isa = PBXFileReference; includeInIndex = 0; lastKnownFileType = wrapper.cfbundle; path = SpellingsTests.xctest; sourceTree = BUILT_PRODUCTS_DIR; };
		19508FB99B1FF25385DC72F7 /* SpellingSessionStore.swift */ = {isa = PBXFileReference; lastKnownFileType = sourcecode.swift; path = SpellingSessionStore.swift; sourceTree = "<group>"; };
		23791901821E27765D22EA8D /* PracticeMode.swift */ = {isa = PBXFileReference; lastKnownFileType = sourcecode.swift; path = PracticeMode.swift; sourceTree = "<group>"; };
		41973E8A8448F866CC4122C4 /* ContentView.swift */ = {isa = PBXFileReference; lastKnownFileType = sourcecode.swift; path = ContentView.swift; sourceTree = "<group>"; };
		55827418A114D9E4FE9C5722 /* words.json */ = {isa = PBXFileReference; lastKnownFileType = text.json; path = words.json; sourceTree = "<group>"; };
		57D1E9449935795D29835624 /* SelfAssessResult.swift */ = {isa = PBXFileReference; lastKnownFileType = sourcecode.swift; path = SelfAssessResult.swift; sourceTree = "<group>"; };
		5E68D870A4408F8FB9FAA599 /* SpellingsApp.swift */ = {isa = PBXFileReference; lastKnownFileType = sourcecode.swift; path = SpellingsApp.swift; sourceTree = "<group>"; };
		77E0C2ACF03842954155936E /* WordFilter.swift */ = {isa = PBXFileReference; lastKnownFileType = sourcecode.swift; path = WordFilter.swift; sourceTree = "<group>"; };
		7DB2F211595B56935B88AE95 /* WordFilterTests.swift */ = {isa = PBXFileReference; lastKnownFileType = sourcecode.swift; path = WordFilterTests.swift; sourceTree = "<group>"; };
		8BBCF9E4AAFD6C6126931504 /* SpeechCoordinatorTests.swift */ = {isa = PBXFileReference; lastKnownFileType = sourcecode.swift; path = SpeechCoordinatorTests.swift; sourceTree = "<group>"; };
		8D340A415D6719A67D692EC8 /* Spellings.app */ = {isa = PBXFileReference; includeInIndex = 0; lastKnownFileType = wrapper.application; path = Spellings.app; sourceTree = BUILT_PRODUCTS_DIR; };
		9356A9468EFB60E9513AC96E /* SelfAssessSession.swift */ = {isa = PBXFileReference; lastKnownFileType = sourcecode.swift; path = SelfAssessSession.swift; sourceTree = "<group>"; };
		A5D033A7A2BA392077FD9D73 /* AppSessionStateTests.swift */ = {isa = PBXFileReference; lastKnownFileType = sourcecode.swift; path = AppSessionStateTests.swift; sourceTree = "<group>"; };
		A7067B26BF8912768D1C3AE9 /* SelfAssessSessionTests.swift */ = {isa = PBXFileReference; lastKnownFileType = sourcecode.swift; path = SelfAssessSessionTests.swift; sourceTree = "<group>"; };
		B8898A300B2C2A73501A088E /* AppSessionState.swift */ = {isa = PBXFileReference; lastKnownFileType = sourcecode.swift; path = AppSessionState.swift; sourceTree = "<group>"; };
		C3CBBE67AA1A5B17F4C3CD04 /* Assets.xcassets */ = {isa = PBXFileReference; lastKnownFileType = folder.assetcatalog; path = Assets.xcassets; sourceTree = "<group>"; };
		D8D09E15AD711ED6CBB28D82 /* SessionState.swift */ = {isa = PBXFileReference; lastKnownFileType = sourcecode.swift; path = SessionState.swift; sourceTree = "<group>"; };
		E1BC2F221780D9F18B181E04 /* Preview Assets.xcassets */ = {isa = PBXFileReference; lastKnownFileType = folder.assetcatalog; path = "Preview Assets.xcassets"; sourceTree = "<group>"; };
		F3A67FBC3E2147AE801B1D37 /* SelfAssessAnswer.swift */ = {isa = PBXFileReference; lastKnownFileType = sourcecode.swift; path = SelfAssessAnswer.swift; sourceTree = "<group>"; };
/* End PBXFileReference section */

/* Begin PBXGroup section */
		14F90B6D0E203463E00FD721 /* Models */ = {
			isa = PBXGroup;
			children = (
				B8898A300B2C2A73501A088E /* AppSessionState.swift */,
				23791901821E27765D22EA8D /* PracticeMode.swift */,
				F3A67FBC3E2147AE801B1D37 /* SelfAssessAnswer.swift */,
				57D1E9449935795D29835624 /* SelfAssessResult.swift */,
				D8D09E15AD711ED6CBB28D82 /* SessionState.swift */,
				03CF3BA371D1B7F33B70C411 /* WordEntry.swift */,
				77E0C2ACF03842954155936E /* WordFilter.swift */,
			);
			path = Models;
			sourceTree = "<group>";
		};
		1B6BAB5434B8FA25B98160C1 /* SpellingsTests */ = {
			isa = PBXGroup;
			children = (
				A5D033A7A2BA392077FD9D73 /* AppSessionStateTests.swift */,
				A7067B26BF8912768D1C3AE9 /* SelfAssessSessionTests.swift */,
				8BBCF9E4AAFD6C6126931504 /* SpeechCoordinatorTests.swift */,
				7DB2F211595B56935B88AE95 /* WordFilterTests.swift */,
			);
			path = SpellingsTests;
			sourceTree = "<group>";
		};
		1C5D7D363FF60722E5457037 = {
			isa = PBXGroup;
			children = (
				2CCE878A9C0C280C4D276E3B /* Spellings */,
				1B6BAB5434B8FA25B98160C1 /* SpellingsTests */,
				E06AE621855B946AC28D9CEB /* Products */,
			);
			sourceTree = "<group>";
		};
		2A9429B4D7D64D1356FAB93E /* Preview Content */ = {
			isa = PBXGroup;
			children = (
				E1BC2F221780D9F18B181E04 /* Preview Assets.xcassets */,
			);
			path = "Preview Content";
			sourceTree = "<group>";
		};
		2CCE878A9C0C280C4D276E3B /* Spellings */ = {
			isa = PBXGroup;
			children = (
				C3CBBE67AA1A5B17F4C3CD04 /* Assets.xcassets */,
				41973E8A8448F866CC4122C4 /* ContentView.swift */,
				5E68D870A4408F8FB9FAA599 /* SpellingsApp.swift */,
				55827418A114D9E4FE9C5722 /* words.json */,
				14F90B6D0E203463E00FD721 /* Models */,
				2A9429B4D7D64D1356FAB93E /* Preview Content */,
				3D9EAB726117EB6AE4414024 /* Stores */,
			);
			path = Spellings;
			sourceTree = "<group>";
		};
		3D9EAB726117EB6AE4414024 /* Stores */ = {
			isa = PBXGroup;
			children = (
				9356A9468EFB60E9513AC96E /* SelfAssessSession.swift */,
				19508FB99B1FF25385DC72F7 /* SpellingSessionStore.swift */,
			);
			path = Stores;
			sourceTree = "<group>";
		};
		E06AE621855B946AC28D9CEB /* Products */ = {
			isa = PBXGroup;
			children = (
				8D340A415D6719A67D692EC8 /* Spellings.app */,
				1913C675F1E17EC76E365BD7 /* SpellingsTests.xctest */,
			);
			name = Products;
			sourceTree = "<group>";
		};
/* End PBXGroup section */

/* Begin PBXNativeTarget section */
		292588FD4DFAF95D4D825585 /* SpellingsTests */ = {
			isa = PBXNativeTarget;
			buildConfigurationList = 593D68A30908FFAC50E008EC /* Build configuration list for PBXNativeTarget "SpellingsTests" */;
			buildPhases = (
				9614B490DDF2B789589B6652 /* Sources */,
			);
			buildRules = (
			);
			dependencies = (
				E14C754240FA903F59ED2738 /* PBXTargetDependency */,
			);
			name = SpellingsTests;
			packageProductDependencies = (
			);
			productName = SpellingsTests;
			productReference = 1913C675F1E17EC76E365BD7 /* SpellingsTests.xctest */;
			productType = "com.apple.product-type.bundle.unit-test";
		};
		8895D67CF4CEF1DE59E955FA /* Spellings */ = {
			isa = PBXNativeTarget;
			buildConfigurationList = 2EBB33F760A42FCB2A6EC164 /* Build configuration list for PBXNativeTarget "Spellings" */;
			buildPhases = (
				316148B5ADE275214009A476 /* Sources */,
				349A15CC6B268960720A41B5 /* Resources */,
			);
			buildRules = (
			);
			dependencies = (
			);
			name = Spellings;
			packageProductDependencies = (
			);
			productName = Spellings;
			productReference = 8D340A415D6719A67D692EC8 /* Spellings.app */;
			productType = "com.apple.product-type.application";
		};
/* End PBXNativeTarget section */

/* Begin PBXProject section */
		FE2AAF391DCE425BD077DDFE /* Project object */ = {
			isa = PBXProject;
			attributes = {
				BuildIndependentTargetsInParallel = YES;
				LastUpgradeCheck = 1430;
				TargetAttributes = {
					8895D67CF4CEF1DE59E955FA = {
						DevelopmentTeam = DT48ZM7972;
					};
				};
			};
			buildConfigurationList = 4C0513EF8C5AC328FE5BCBA7 /* Build configuration list for PBXProject "Spellings" */;
			developmentRegion = en;
			hasScannedForEncodings = 0;
			knownRegions = (
				Base,
				en,
			);
			mainGroup = 1C5D7D363FF60722E5457037;
			minimizedProjectReferenceProxies = 1;
			preferredProjectObjectVersion = 77;
			productRefGroup = E06AE621855B946AC28D9CEB /* Products */;
			projectDirPath = "";
			projectRoot = "";
			targets = (
				8895D67CF4CEF1DE59E955FA /* Spellings */,
				292588FD4DFAF95D4D825585 /* SpellingsTests */,
			);
		};
/* End PBXProject section */

/* Begin PBXResourcesBuildPhase section */
		349A15CC6B268960720A41B5 /* Resources */ = {
			isa = PBXResourcesBuildPhase;
			buildActionMask = 2147483647;
			files = (
				96F88B1626264D2841A3330C /* Assets.xcassets in Resources */,
				322B24BFCDBAFB927BA44C5E /* Preview Assets.xcassets in Resources */,
				E35BC48EA388BF21563679C7 /* words.json in Resources */,
			);
			runOnlyForDeploymentPostprocessing = 0;
		};
/* End PBXResourcesBuildPhase section */

/* Begin PBXSourcesBuildPhase section */
		316148B5ADE275214009A476 /* Sources */ = {
			isa = PBXSourcesBuildPhase;
			buildActionMask = 2147483647;
			files = (
				AC1933F94FC7269672ABF363 /* AppSessionState.swift in Sources */,
				4D72B6EA0EC35A627052441C /* ContentView.swift in Sources */,
				E0E9822608043A52F2E5638B /* PracticeMode.swift in Sources */,
				73E92ACC33C01AA20B88B5B2 /* SelfAssessAnswer.swift in Sources */,
				75C19A6586E782E3506221C6 /* SelfAssessResult.swift in Sources */,
				2D1DF1F206423E16A3C65726 /* SelfAssessSession.swift in Sources */,
				79E0900E099048467E2EF9BF /* SessionState.swift in Sources */,
				D47778634D97CE7B7B4E2F1E /* SpellingSessionStore.swift in Sources */,
				844767008BBF4A0839500464 /* SpellingsApp.swift in Sources */,
				78383D79D6220B96DCCE2E9B /* WordEntry.swift in Sources */,
				BF7FFEB3CCC189C27B52F6E1 /* WordFilter.swift in Sources */,
			);
			runOnlyForDeploymentPostprocessing = 0;
		};
		9614B490DDF2B789589B6652 /* Sources */ = {
			isa = PBXSourcesBuildPhase;
			buildActionMask = 2147483647;
			files = (
				3A493648DA3DD53135E95F3C /* AppSessionStateTests.swift in Sources */,
				CA11AC248538E9A2A48BB0A7 /* SelfAssessSessionTests.swift in Sources */,
				2439E565F6CB2A38E105F775 /* SpeechCoordinatorTests.swift in Sources */,
				95F6251DED78CB3F5F373B70 /* WordFilterTests.swift in Sources */,
			);
			runOnlyForDeploymentPostprocessing = 0;
		};
/* End PBXSourcesBuildPhase section */

/* Begin PBXTargetDependency section */
		E14C754240FA903F59ED2738 /* PBXTargetDependency */ = {
			isa = PBXTargetDependency;
			target = 8895D67CF4CEF1DE59E955FA /* Spellings */;
			targetProxy = ECEAD46C205B2E6623B5DF02 /* PBXContainerItemProxy */;
		};
/* End PBXTargetDependency section */

/* Begin XCBuildConfiguration section */
		1EF9391F7EECA451EFE462AF /* Release */ = {
			isa = XCBuildConfiguration;
			buildSettings = {
				ASSETCATALOG_COMPILER_APPICON_NAME = AppIcon;
				CODE_SIGN_IDENTITY = "iPhone Developer";
				CURRENT_PROJECT_VERSION = 1;
				DEVELOPMENT_TEAM = DT48ZM7972;
				GENERATE_INFOPLIST_FILE = YES;
				INFOPLIST_KEY_CFBundleDisplayName = Spellings;
				INFOPLIST_KEY_UIApplicationSceneManifest_Generation = YES;
				INFOPLIST_KEY_UIApplicationSupportsIndirectInputEvents = YES;
				INFOPLIST_KEY_UILaunchScreen_Generation = YES;
				INFOPLIST_KEY_UISupportedInterfaceOrientations_iPad = "UIInterfaceOrientationPortrait UIInterfaceOrientationPortraitUpsideDown UIInterfaceOrientationLandscapeLeft UIInterfaceOrientationLandscapeRight";
				INFOPLIST_KEY_UISupportedInterfaceOrientations_iPhone = "UIInterfaceOrientationPortrait UIInterfaceOrientationLandscapeLeft UIInterfaceOrientationLandscapeRight";
				IPHONEOS_DEPLOYMENT_TARGET = 17.0;
				LD_RUNPATH_SEARCH_PATHS = (
					"$(inherited)",
					"@executable_path/Frameworks",
				);
				MARKETING_VERSION = 1.0;
				PRODUCT_BUNDLE_IDENTIFIER = com.robinmartin.spellings;
				PRODUCT_NAME = Spellings;
				SDKROOT = iphoneos;
				SUPPORTS_MACCATALYST = NO;
				SWIFT_VERSION = 5.0;
				TARGETED_DEVICE_FAMILY = "1,2";
			};
			name = Release;
		};
		3EF96DAC9AFB9AFB821FD036 /* Debug */ = {
			isa = XCBuildConfiguration;
			buildSettings = {
				ALWAYS_SEARCH_USER_PATHS = NO;
				CLANG_ANALYZER_NONNULL = YES;
				CLANG_ANALYZER_NUMBER_OBJECT_CONVERSION = YES_AGGRESSIVE;
				CLANG_CXX_LANGUAGE_STANDARD = "gnu++14";
				CLANG_CXX_LIBRARY = "libc++";
				CLANG_ENABLE_MODULES = YES;
				CLANG_ENABLE_OBJC_ARC = YES;
				CLANG_ENABLE_OBJC_WEAK = YES;
				CLANG_WARN_BLOCK_CAPTURE_AUTORELEASING = YES;
				CLANG_WARN_BOOL_CONVERSION = YES;
				CLANG_WARN_COMMA = YES;
				CLANG_WARN_CONSTANT_CONVERSION = YES;
				CLANG_WARN_DEPRECATED_OBJC_IMPLEMENTATIONS = YES;
				CLANG_WARN_DIRECT_OBJC_ISA_USAGE = YES_ERROR;
				CLANG_WARN_DOCUMENTATION_COMMENTS = YES;
				CLANG_WARN_EMPTY_BODY = YES;
				CLANG_WARN_ENUM_CONVERSION = YES;
				CLANG_WARN_INFINITE_RECURSION = YES;
				CLANG_WARN_INT_CONVERSION = YES;
				CLANG_WARN_NON_LITERAL_NULL_CONVERSION = YES;
				CLANG_WARN_OBJC_IMPLICIT_RETAIN_SELF = YES;
				CLANG_WARN_OBJC_LITERAL_CONVERSION = YES;
				CLANG_WARN_OBJC_ROOT_CLASS = YES_ERROR;
				CLANG_WARN_QUOTED_INCLUDE_IN_FRAMEWORK_HEADER = YES;
				CLANG_WARN_RANGE_LOOP_ANALYSIS = YES;
				CLANG_WARN_STRICT_PROTOTYPES = YES;
				CLANG_WARN_SUSPICIOUS_MOVE = YES;
				CLANG_WARN_UNGUARDED_AVAILABILITY = YES_AGGRESSIVE;
				CLANG_WARN_UNREACHABLE_CODE = YES;
				CLANG_WARN__DUPLICATE_METHOD_MATCH = YES;
				COPY_PHASE_STRIP = NO;
				DEBUG_INFORMATION_FORMAT = dwarf;
				ENABLE_STRICT_OBJC_MSGSEND = YES;
				ENABLE_TESTABILITY = YES;
				GCC_C_LANGUAGE_STANDARD = gnu11;
				GCC_DYNAMIC_NO_PIC = NO;
				GCC_NO_COMMON_BLOCKS = YES;
				GCC_OPTIMIZATION_LEVEL = 0;
				GCC_PREPROCESSOR_DEFINITIONS = (
					"$(inherited)",
					"DEBUG=1",
				);
				GCC_WARN_64_TO_32_BIT_CONVERSION = YES;
				GCC_WARN_ABOUT_RETURN_TYPE = YES_ERROR;
				GCC_WARN_UNDECLARED_SELECTOR = YES;
				GCC_WARN_UNINITIALIZED_AUTOS = YES_AGGRESSIVE;
				GCC_WARN_UNUSED_FUNCTION = YES;
				GCC_WARN_UNUSED_VARIABLE = YES;
				IPHONEOS_DEPLOYMENT_TARGET = 17.0;
				MTL_ENABLE_DEBUG_INFO = INCLUDE_SOURCE;
				MTL_FAST_MATH = YES;
				ONLY_ACTIVE_ARCH = YES;
				PRODUCT_NAME = "$(TARGET_NAME)";
				SDKROOT = iphoneos;
				SWIFT_ACTIVE_COMPILATION_CONDITIONS = DEBUG;
				SWIFT_OPTIMIZATION_LEVEL = "-Onone";
				SWIFT_VERSION = 5.0;
			};
			name = Debug;
		};
		5BAEF0C867F462E52FCCC0F0 /* Release */ = {
			isa = XCBuildConfiguration;
			buildSettings = {
				ALWAYS_SEARCH_USER_PATHS = NO;
				CLANG_ANALYZER_NONNULL = YES;
				CLANG_ANALYZER_NUMBER_OBJECT_CONVERSION = YES_AGGRESSIVE;
				CLANG_CXX_LANGUAGE_STANDARD = "gnu++14";
				CLANG_CXX_LIBRARY = "libc++";
				CLANG_ENABLE_MODULES = YES;
				CLANG_ENABLE_OBJC_ARC = YES;
				CLANG_ENABLE_OBJC_WEAK = YES;
				CLANG_WARN_BLOCK_CAPTURE_AUTORELEASING = YES;
				CLANG_WARN_BOOL_CONVERSION = YES;
				CLANG_WARN_COMMA = YES;
				CLANG_WARN_CONSTANT_CONVERSION = YES;
				CLANG_WARN_DEPRECATED_OBJC_IMPLEMENTATIONS = YES;
				CLANG_WARN_DIRECT_OBJC_ISA_USAGE = YES_ERROR;
				CLANG_WARN_DOCUMENTATION_COMMENTS = YES;
				CLANG_WARN_EMPTY_BODY = YES;
				CLANG_WARN_ENUM_CONVERSION = YES;
				CLANG_WARN_INFINITE_RECURSION = YES;
				CLANG_WARN_INT_CONVERSION = YES;
				CLANG_WARN_NON_LITERAL_NULL_CONVERSION = YES;
				CLANG_WARN_OBJC_IMPLICIT_RETAIN_SELF = YES;
				CLANG_WARN_OBJC_LITERAL_CONVERSION = YES;
				CLANG_WARN_OBJC_ROOT_CLASS = YES_ERROR;
				CLANG_WARN_QUOTED_INCLUDE_IN_FRAMEWORK_HEADER = YES;
				CLANG_WARN_RANGE_LOOP_ANALYSIS = YES;
				CLANG_WARN_STRICT_PROTOTYPES = YES;
				CLANG_WARN_SUSPICIOUS_MOVE = YES;
				CLANG_WARN_UNGUARDED_AVAILABILITY = YES_AGGRESSIVE;
				CLANG_WARN_UNREACHABLE_CODE = YES;
				CLANG_WARN__DUPLICATE_METHOD_MATCH = YES;
				COPY_PHASE_STRIP = NO;
				DEBUG_INFORMATION_FORMAT = "dwarf-with-dsym";
				ENABLE_NS_ASSERTIONS = NO;
				ENABLE_STRICT_OBJC_MSGSEND = YES;
				GCC_C_LANGUAGE_STANDARD = gnu11;
				GCC_NO_COMMON_BLOCKS = YES;
				GCC_WARN_64_TO_32_BIT_CONVERSION = YES;
				GCC_WARN_ABOUT_RETURN_TYPE = YES_ERROR;
				GCC_WARN_UNDECLARED_SELECTOR = YES;
				GCC_WARN_UNINITIALIZED_AUTOS = YES_AGGRESSIVE;
				GCC_WARN_UNUSED_FUNCTION = YES;
				GCC_WARN_UNUSED_VARIABLE = YES;
				IPHONEOS_DEPLOYMENT_TARGET = 17.0;
				MTL_ENABLE_DEBUG_INFO = NO;
				MTL_FAST_MATH = YES;
				PRODUCT_NAME = "$(TARGET_NAME)";
				SDKROOT = iphoneos;
				SWIFT_COMPILATION_MODE = wholemodule;
				SWIFT_OPTIMIZATION_LEVEL = "-O";
				SWIFT_VERSION = 5.0;
			};
			name = Release;
		};
		83C0E75C7E4F962992FD38DC /* Debug */ = {
			isa = XCBuildConfiguration;
			buildSettings = {
				BUNDLE_LOADER = "$(TEST_HOST)";
				CURRENT_PROJECT_VERSION = 1;
				GENERATE_INFOPLIST_FILE = YES;
				IPHONEOS_DEPLOYMENT_TARGET = 17.0;
				LD_RUNPATH_SEARCH_PATHS = (
					"$(inherited)",
					"@executable_path/Frameworks",
					"@loader_path/Frameworks",
				);
				MARKETING_VERSION = 1.0;
				PRODUCT_BUNDLE_IDENTIFIER = com.robinmartin.spellingsTests;
				SDKROOT = iphoneos;
				TARGETED_DEVICE_FAMILY = "1,2";
				TEST_HOST = "$(BUILT_PRODUCTS_DIR)/Spellings.app/Spellings";
			};
			name = Debug;
		};
		AD3BA3D21FC0195704872559 /* Debug */ = {
			isa = XCBuildConfiguration;
			buildSettings = {
				ASSETCATALOG_COMPILER_APPICON_NAME = AppIcon;
				CODE_SIGN_IDENTITY = "iPhone Developer";
				CURRENT_PROJECT_VERSION = 1;
				DEVELOPMENT_TEAM = DT48ZM7972;
				GENERATE_INFOPLIST_FILE = YES;
				INFOPLIST_KEY_CFBundleDisplayName = Spellings;
				INFOPLIST_KEY_UIApplicationSceneManifest_Generation = YES;
				INFOPLIST_KEY_UIApplicationSupportsIndirectInputEvents = YES;
				INFOPLIST_KEY_UILaunchScreen_Generation = YES;
				INFOPLIST_KEY_UISupportedInterfaceOrientations_iPad = "UIInterfaceOrientationPortrait UIInterfaceOrientationPortraitUpsideDown UIInterfaceOrientationLandscapeLeft UIInterfaceOrientationLandscapeRight";
				INFOPLIST_KEY_UISupportedInterfaceOrientations_iPhone = "UIInterfaceOrientationPortrait UIInterfaceOrientationLandscapeLeft UIInterfaceOrientationLandscapeRight";
				IPHONEOS_DEPLOYMENT_TARGET = 17.0;
				LD_RUNPATH_SEARCH_PATHS = (
					"$(inherited)",
					"@executable_path/Frameworks",
				);
				MARKETING_VERSION = 1.0;
				PRODUCT_BUNDLE_IDENTIFIER = com.robinmartin.spellings;
				PRODUCT_NAME = Spellings;
				SDKROOT = iphoneos;
				SUPPORTS_MACCATALYST = NO;
				SWIFT_VERSION = 5.0;
				TARGETED_DEVICE_FAMILY = "1,2";
			};
			name = Debug;
		};
		D6529B8B62EB8B4A8E569238 /* Release */ = {
			isa = XCBuildConfiguration;
			buildSettings = {
				BUNDLE_LOADER = "$(TEST_HOST)";
				CURRENT_PROJECT_VERSION = 1;
				GENERATE_INFOPLIST_FILE = YES;
				IPHONEOS_DEPLOYMENT_TARGET = 17.0;
				LD_RUNPATH_SEARCH_PATHS = (
					"$(inherited)",
					"@executable_path/Frameworks",
					"@loader_path/Frameworks",
				);
				MARKETING_VERSION = 1.0;
				PRODUCT_BUNDLE_IDENTIFIER = com.robinmartin.spellingsTests;
				SDKROOT = iphoneos;
				TARGETED_DEVICE_FAMILY = "1,2";
				TEST_HOST = "$(BUILT_PRODUCTS_DIR)/Spellings.app/Spellings";
			};
			name = Release;
		};
/* End XCBuildConfiguration section */

/* Begin XCConfigurationList section */
		2EBB33F760A42FCB2A6EC164 /* Build configuration list for PBXNativeTarget "Spellings" */ = {
			isa = XCConfigurationList;
			buildConfigurations = (
				AD3BA3D21FC0195704872559 /* Debug */,
				1EF9391F7EECA451EFE462AF /* Release */,
			);
			defaultConfigurationIsVisible = 0;
			defaultConfigurationName = Debug;
		};
		4C0513EF8C5AC328FE5BCBA7 /* Build configuration list for PBXProject "Spellings" */ = {
			isa = XCConfigurationList;
			buildConfigurations = (
				3EF96DAC9AFB9AFB821FD036 /* Debug */,
				5BAEF0C867F462E52FCCC0F0 /* Release */,
			);
			defaultConfigurationIsVisible = 0;
			defaultConfigurationName = Debug;
		};
		593D68A30908FFAC50E008EC /* Build configuration list for PBXNativeTarget "SpellingsTests" */ = {
			isa = XCConfigurationList;
			buildConfigurations = (
				83C0E75C7E4F962992FD38DC /* Debug */,
				D6529B8B62EB8B4A8E569238 /* Release */,
			);
			defaultConfigurationIsVisible = 0;
			defaultConfigurationName = Debug;
		};
/* End XCConfigurationList section */
	};
	rootObject = FE2AAF391DCE425BD077DDFE /* Project object */;
}
